
Microsoft Visual Studio Solution File, Format Version 12.00
# Visual Studio Version 17
VisualStudioVersion = 17.4.33122.133
MinimumVisualStudioVersion = 10.0.40219.1
Project("{9A19103F-16F7-4668-BE54-9A1E7A4F7556}") = "Kozlova_Valeria_QA Auto", "Kozlova_Valeria_QA Auto.csproj", "{8AE89969-6DA4-41C2-B435-82E5178DAE08}"
EndProject
Global
	GlobalSection(SolutionConfigurationPlatforms) = preSolution
		Debug|Any CPU = Debug|Any CPU
		Release|Any CPU = Release|Any CPU
	EndGlobalSection
	GlobalSection(ProjectConfigurationPlatforms) = postSolution
		{8AE89969-6DA4-41C2-B435-82E5178DAE08}.Debug|Any CPU.ActiveCfg = Debug|Any CPU
		{8AE89969-6DA4-41C2-B435-82E5178DAE08}.Debug|Any CPU.Build.0 = Debug|Any CPU
		{8AE89969-6DA4-41C2-B435-82E5178DAE08}.Release|Any CPU.ActiveCfg = Release|Any CPU
		{8AE89969-6DA4-41C2-B435-82E5178DAE08}.Release|Any CPU.Build.0 = Release|Any CPU
	EndGlobalSection
	GlobalSection(SolutionProperties) = preSolution
		HideSolutionNode = FALSE
	EndGlobalSection
	GlobalSection(ExtensibilityGlobals) = postSolution
		SolutionGuid = {FEC5897D-4C03-4D3D-9E75-490FC2A34EF8}
	EndGlobalSection
EndGlobal
